
Microsoft Visual Studio Solution File, Format Version 12.00
# Visual Studio Version 17
VisualStudioVersion = 17.9.34723.18
MinimumVisualStudioVersion = 10.0.40219.1
Project("{C9674DCB-5085-4A16-B785-4C70DD1589BD}") = "laboratorioetl", "laboratorioetl\laboratorioetl.dtproj", "{0E9B032B-12A1-41E0-B08F-2C8993488BF9}"
EndProject
Global
	GlobalSection(SolutionConfigurationPlatforms) = preSolution
		Development|Default = Development|Default
	EndGlobalSection
	GlobalSection(ProjectConfigurationPlatforms) = postSolution
		{0E9B032B-12A1-41E0-B08F-2C8993488BF9}.Development|Default.ActiveCfg = Development
		{0E9B032B-12A1-41E0-B08F-2C8993488BF9}.Development|Default.Build.0 = Development
	EndGlobalSection
	GlobalSection(SolutionProperties) = preSolution
		HideSolutionNode = FALSE
	EndGlobalSection
	GlobalSection(ExtensibilityGlobals) = postSolution
		SolutionGuid = {C3DABA20-B6CD-4DB3-AAE2-40514BEBC36D}
	EndGlobalSection
EndGlobal
